{
  "originHash" : "50739d16fb3b1c36e28568d832b61475022b29d5c6dad4328005a7afcef102b7",
  "pins" : [
    {
      "identity" : "alinfoundation",
      "kind" : "remoteSourceControl",
      "location" : "https://github.com/alienator88/AlinFoundation",
      "state" : {
        "branch" : "main",
        "revision" : "f09e60234933278f170abf60e77cab232dc91c5d"
      }
    }
  ],
  "version" : 3
}
